// !$*UTF8*$!
{
	archiveVersion = 1;
	classes = {
	};
	objectVersion = 55;
	objects = {

/* Begin PBXBuildFile section */
		8A5881DD282D2394005747C4 /* MainViewController.swift in Sources */ = {isa = PBXBuildFile; fileRef = 8A5881DC282D2394005747C4 /* MainViewController.swift */; };
		8A5881DF282D23A1005747C4 /* DailyViewController.swift in Sources */ = {isa = PBXBuildFile; fileRef = 8A5881DE282D23A1005747C4 /* DailyViewController.swift */; };
		8A5881E1282D23AC005747C4 /* MovieViewController.swift in Sources */ = {isa = PBXBuildFile; fileRef = 8A5881E0282D23AC005747C4 /* MovieViewController.swift */; };
		8A5881E3282D23B4005747C4 /* EmotionViewController.swift in Sources */ = {isa = PBXBuildFile; fileRef = 8A5881E2282D23B4005747C4 /* EmotionViewController.swift */; };
		8A5881E5282D241A005747C4 /* MainViewModel.swift in Sources */ = {isa = PBXBuildFile; fileRef = 8A5881E4282D241A005747C4 /* MainViewModel.swift */; };
		8A5881E7282D2425005747C4 /* DailyViewModel.swift in Sources */ = {isa = PBXBuildFile; fileRef = 8A5881E6282D2425005747C4 /* DailyViewModel.swift */; };
		8A5881E9282D242E005747C4 /* MovieViewModel.swift in Sources */ = {isa = PBXBuildFile; fileRef = 8A5881E8282D242E005747C4 /* MovieViewModel.swift */; };
		8A5881EB282D2437005747C4 /* EmotionViewModel.swift in Sources */ = {isa = PBXBuildFile; fileRef = 8A5881EA282D2437005747C4 /* EmotionViewModel.swift */; };
		8A5881F0282D26E6005747C4 /* NaturalLanguageProcessing.swift in Sources */ = {isa = PBXBuildFile; fileRef = 8A5881EF282D26E6005747C4 /* NaturalLanguageProcessing.swift */; };
		8A5881F2282D26FC005747C4 /* NetworkService.swift in Sources */ = {isa = PBXBuildFile; fileRef = 8A5881F1282D26FC005747C4 /* NetworkService.swift */; };
		8A5881F4282D27C7005747C4 /* Journal.swift in Sources */ = {isa = PBXBuildFile; fileRef = 8A5881F3282D27C7005747C4 /* Journal.swift */; };
		8A5881F6282D27DE005747C4 /* Movie.swift in Sources */ = {isa = PBXBuildFile; fileRef = 8A5881F5282D27DE005747C4 /* Movie.swift */; };
		8A5881F8282D27F1005747C4 /* Emotion.swift in Sources */ = {isa = PBXBuildFile; fileRef = 8A5881F7282D27F1005747C4 /* Emotion.swift */; };
		8A8C8B93282D1ED70015BA4D /* AppDelegate.swift in Sources */ = {isa = PBXBuildFile; fileRef = 8A8C8B92282D1ED70015BA4D /* AppDelegate.swift */; };
		8A8C8B95282D1ED80015BA4D /* SceneDelegate.swift in Sources */ = {isa = PBXBuildFile; fileRef = 8A8C8B94282D1ED80015BA4D /* SceneDelegate.swift */; };
		8A8C8B9C282D1ED80015BA4D /* Assets.xcassets in Resources */ = {isa = PBXBuildFile; fileRef = 8A8C8B9B282D1ED80015BA4D /* Assets.xcassets */; };
		8A8C8B9F282D1ED80015BA4D /* LaunchScreen.storyboard in Resources */ = {isa = PBXBuildFile; fileRef = 8A8C8B9D282D1ED80015BA4D /* LaunchScreen.storyboard */; };
		8AF5E267284B46E2005DFCE5 /* DiaryTableViewCell.swift in Sources */ = {isa = PBXBuildFile; fileRef = 8AF5E266284B46E2005DFCE5 /* DiaryTableViewCell.swift */; };
		8AF5E26A284B4F19005DFCE5 /* RxCocoa in Frameworks */ = {isa = PBXBuildFile; productRef = 8AF5E269284B4F19005DFCE5 /* RxCocoa */; };
		8AF5E26C284B4F19005DFCE5 /* RxRelay in Frameworks */ = {isa = PBXBuildFile; productRef = 8AF5E26B284B4F19005DFCE5 /* RxRelay */; };
		8AF5E26E284B4F19005DFCE5 /* RxSwift in Frameworks */ = {isa = PBXBuildFile; productRef = 8AF5E26D284B4F19005DFCE5 /* RxSwift */; };
/* End PBXBuildFile section */

/* Begin PBXFileReference section */
		8A5881DC282D2394005747C4 /* MainViewController.swift */ = {isa = PBXFileReference; lastKnownFileType = sourcecode.swift; path = MainViewController.swift; sourceTree = "<group>"; };
		8A5881DE282D23A1005747C4 /* DailyViewController.swift */ = {isa = PBXFileReference; lastKnownFileType = sourcecode.swift; path = DailyViewController.swift; sourceTree = "<group>"; };
		8A5881E0282D23AC005747C4 /* MovieViewController.swift */ = {isa = PBXFileReference; lastKnownFileType = sourcecode.swift; path = MovieViewController.swift; sourceTree = "<group>"; };
		8A5881E2282D23B4005747C4 /* EmotionViewController.swift */ = {isa = PBXFileReference; lastKnownFileType = sourcecode.swift; path = EmotionViewController.swift; sourceTree = "<group>"; };
		8A5881E4282D241A005747C4 /* MainViewModel.swift */ = {isa = PBXFileReference; lastKnownFileType = sourcecode.swift; path = MainViewModel.swift; sourceTree = "<group>"; };
		8A5881E6282D2425005747C4 /* DailyViewModel.swift */ = {isa = PBXFileReference; lastKnownFileType = sourcecode.swift; path = DailyViewModel.swift; sourceTree = "<group>"; };
		8A5881E8282D242E005747C4 /* MovieViewModel.swift */ = {isa = PBXFileReference; lastKnownFileType = sourcecode.swift; path = MovieViewModel.swift; sourceTree = "<group>"; };
		8A5881EA282D2437005747C4 /* EmotionViewModel.swift */ = {isa = PBXFileReference; lastKnownFileType = sourcecode.swift; path = EmotionViewModel.swift; sourceTree = "<group>"; };
		8A5881EF282D26E6005747C4 /* NaturalLanguageProcessing.swift */ = {isa = PBXFileReference; lastKnownFileType = sourcecode.swift; path = NaturalLanguageProcessing.swift; sourceTree = "<group>"; };
		8A5881F1282D26FC005747C4 /* NetworkService.swift */ = {isa = PBXFileReference; lastKnownFileType = sourcecode.swift; path = NetworkService.swift; sourceTree = "<group>"; };
		8A5881F3282D27C7005747C4 /* Journal.swift */ = {isa = PBXFileReference; lastKnownFileType = sourcecode.swift; path = Journal.swift; sourceTree = "<group>"; };
		8A5881F5282D27DE005747C4 /* Movie.swift */ = {isa = PBXFileReference; lastKnownFileType = sourcecode.swift; path = Movie.swift; sourceTree = "<group>"; };
		8A5881F7282D27F1005747C4 /* Emotion.swift */ = {isa = PBXFileReference; lastKnownFileType = sourcecode.swift; path = Emotion.swift; sourceTree = "<group>"; };
		8A8C8B8F282D1ED70015BA4D /* Moviemotion.app */ = {isa = PBXFileReference; explicitFileType = wrapper.application; includeInIndex = 0; path = Moviemotion.app; sourceTree = BUILT_PRODUCTS_DIR; };
		8A8C8B92282D1ED70015BA4D /* AppDelegate.swift */ = {isa = PBXFileReference; lastKnownFileType = sourcecode.swift; path = AppDelegate.swift; sourceTree = "<group>"; };
		8A8C8B94282D1ED80015BA4D /* SceneDelegate.swift */ = {isa = PBXFileReference; lastKnownFileType = sourcecode.swift; path = SceneDelegate.swift; sourceTree = "<group>"; };
		8A8C8B9B282D1ED80015BA4D /* Assets.xcassets */ = {isa = PBXFileReference; lastKnownFileType = folder.assetcatalog; path = Assets.xcassets; sourceTree = "<group>"; };
		8A8C8B9E282D1ED80015BA4D /* Base */ = {isa = PBXFileReference; lastKnownFileType = file.storyboard; name = Base; path = Base.lproj/LaunchScreen.storyboard; sourceTree = "<group>"; };
		8A8C8BA0282D1ED80015BA4D /* Info.plist */ = {isa = PBXFileReference; lastKnownFileType = text.plist.xml; path = Info.plist; sourceTree = "<group>"; };
		8AF5E266284B46E2005DFCE5 /* DiaryTableViewCell.swift */ = {isa = PBXFileReference; lastKnownFileType = sourcecode.swift; path = DiaryTableViewCell.swift; sourceTree = "<group>"; };
/* End PBXFileReference section */

/* Begin PBXFrameworksBuildPhase section */
		8A8C8B8C282D1ED70015BA4D /* Frameworks */ = {
			isa = PBXFrameworksBuildPhase;
			buildActionMask = 2147483647;
			files = (
				8AF5E26E284B4F19005DFCE5 /* RxSwift in Frameworks */,
				8AF5E26C284B4F19005DFCE5 /* RxRelay in Frameworks */,
				8AF5E26A284B4F19005DFCE5 /* RxCocoa in Frameworks */,
			);
			runOnlyForDeploymentPostprocessing = 0;
		};
/* End PBXFrameworksBuildPhase section */

/* Begin PBXGroup section */
		8A5881D6282D2234005747C4 /* Scene */ = {
			isa = PBXGroup;
			children = (
				8A5881D7282D224A005747C4 /* MainScene */,
				8A5881DB282D22EC005747C4 /* DailyScene */,
				8A5881D8282D2253005747C4 /* MovieScene */,
				8A5881D9282D2266005747C4 /* EmotionScene */,
			);
			path = Scene;
			sourceTree = "<group>";
		};
		8A5881D7282D224A005747C4 /* MainScene */ = {
			isa = PBXGroup;
			children = (
				8A5881DC282D2394005747C4 /* MainViewController.swift */,
				8A5881E4282D241A005747C4 /* MainViewModel.swift */,
				8AF5E266284B46E2005DFCE5 /* DiaryTableViewCell.swift */,
			);
			path = MainScene;
			sourceTree = "<group>";
		};
		8A5881D8282D2253005747C4 /* MovieScene */ = {
			isa = PBXGroup;
			children = (
				8A5881E0282D23AC005747C4 /* MovieViewController.swift */,
				8A5881E8282D242E005747C4 /* MovieViewModel.swift */,
			);
			path = MovieScene;
			sourceTree = "<group>";
		};
		8A5881D9282D2266005747C4 /* EmotionScene */ = {
			isa = PBXGroup;
			children = (
				8A5881E2282D23B4005747C4 /* EmotionViewController.swift */,
				8A5881EA282D2437005747C4 /* EmotionViewModel.swift */,
			);
			path = EmotionScene;
			sourceTree = "<group>";
		};
		8A5881DB282D22EC005747C4 /* DailyScene */ = {
			isa = PBXGroup;
			children = (
				8A5881DE282D23A1005747C4 /* DailyViewController.swift */,
				8A5881E6282D2425005747C4 /* DailyViewModel.swift */,
			);
			path = DailyScene;
			sourceTree = "<group>";
		};
		8A5881EC282D257B005747C4 /* Model */ = {
			isa = PBXGroup;
			children = (
				8A5881F3282D27C7005747C4 /* Journal.swift */,
				8A5881F5282D27DE005747C4 /* Movie.swift */,
				8A5881F7282D27F1005747C4 /* Emotion.swift */,
			);
			path = Model;
			sourceTree = "<group>";
		};
		8A5881ED282D2581005747C4 /* Network */ = {
			isa = PBXGroup;
			children = (
				8A5881F1282D26FC005747C4 /* NetworkService.swift */,
			);
			path = Network;
			sourceTree = "<group>";
		};
		8A5881EE282D2588005747C4 /* NLP */ = {
			isa = PBXGroup;
			children = (
				8A5881EF282D26E6005747C4 /* NaturalLanguageProcessing.swift */,
			);
			path = NLP;
			sourceTree = "<group>";
		};
		8A8C8B86282D1ED70015BA4D = {
			isa = PBXGroup;
			children = (
				8A8C8B91282D1ED70015BA4D /* Moviemotion */,
				8A8C8B90282D1ED70015BA4D /* Products */,
			);
			sourceTree = "<group>";
		};
		8A8C8B90282D1ED70015BA4D /* Products */ = {
			isa = PBXGroup;
			children = (
				8A8C8B8F282D1ED70015BA4D /* Moviemotion.app */,
			);
			name = Products;
			sourceTree = "<group>";
		};
		8A8C8B91282D1ED70015BA4D /* Moviemotion */ = {
			isa = PBXGroup;
			children = (
				8A5881EE282D2588005747C4 /* NLP */,
				8A5881ED282D2581005747C4 /* Network */,
				8A5881EC282D257B005747C4 /* Model */,
				8A5881D6282D2234005747C4 /* Scene */,
				8A8C8B92282D1ED70015BA4D /* AppDelegate.swift */,
				8A8C8B94282D1ED80015BA4D /* SceneDelegate.swift */,
				8A8C8B9B282D1ED80015BA4D /* Assets.xcassets */,
				8A8C8B9D282D1ED80015BA4D /* LaunchScreen.storyboard */,
				8A8C8BA0282D1ED80015BA4D /* Info.plist */,
			);
			path = Moviemotion;
			sourceTree = "<group>";
		};
/* End PBXGroup section */

/* Begin PBXNativeTarget section */
		8A8C8B8E282D1ED70015BA4D /* Moviemotion */ = {
			isa = PBXNativeTarget;
			buildConfigurationList = 8A8C8BA3282D1ED80015BA4D /* Build configuration list for PBXNativeTarget "Moviemotion" */;
			buildPhases = (
				8A8C8B8B282D1ED70015BA4D /* Sources */,
				8A8C8B8C282D1ED70015BA4D /* Frameworks */,
				8A8C8B8D282D1ED70015BA4D /* Resources */,
			);
			buildRules = (
			);
			dependencies = (
			);
			name = Moviemotion;
			packageProductDependencies = (
				8AF5E269284B4F19005DFCE5 /* RxCocoa */,
				8AF5E26B284B4F19005DFCE5 /* RxRelay */,
				8AF5E26D284B4F19005DFCE5 /* RxSwift */,
			);
			productName = Moviemotion;
			productReference = 8A8C8B8F282D1ED70015BA4D /* Moviemotion.app */;
			productType = "com.apple.product-type.application";
		};
/* End PBXNativeTarget section */

/* Begin PBXProject section */
		8A8C8B87282D1ED70015BA4D /* Project object */ = {
			isa = PBXProject;
			attributes = {
				BuildIndependentTargetsInParallel = 1;
				LastSwiftUpdateCheck = 1330;
				LastUpgradeCheck = 1330;
				TargetAttributes = {
					8A8C8B8E282D1ED70015BA4D = {
						CreatedOnToolsVersion = 13.3.1;
					};
				};
			};
			buildConfigurationList = 8A8C8B8A282D1ED70015BA4D /* Build configuration list for PBXProject "Moviemotion" */;
			compatibilityVersion = "Xcode 13.0";
			developmentRegion = en;
			hasScannedForEncodings = 0;
			knownRegions = (
				en,
				Base,
			);
			mainGroup = 8A8C8B86282D1ED70015BA4D;
			packageReferences = (
				8AF5E268284B4F19005DFCE5 /* XCRemoteSwiftPackageReference "RxSwift" */,
			);
			productRefGroup = 8A8C8B90282D1ED70015BA4D /* Products */;
			projectDirPath = "";
			projectRoot = "";
			targets = (
				8A8C8B8E282D1ED70015BA4D /* Moviemotion */,
			);
		};
/* End PBXProject section */

/* Begin PBXResourcesBuildPhase section */
		8A8C8B8D282D1ED70015BA4D /* Resources */ = {
			isa = PBXResourcesBuildPhase;
			buildActionMask = 2147483647;
			files = (
				8A8C8B9F282D1ED80015BA4D /* LaunchScreen.storyboard in Resources */,
				8A8C8B9C282D1ED80015BA4D /* Assets.xcassets in Resources */,
			);
			runOnlyForDeploymentPostprocessing = 0;
		};
/* End PBXResourcesBuildPhase section */

/* Begin PBXSourcesBuildPhase section */
		8A8C8B8B282D1ED70015BA4D /* Sources */ = {
			isa = PBXSourcesBuildPhase;
			buildActionMask = 2147483647;
			files = (
				8A5881F6282D27DE005747C4 /* Movie.swift in Sources */,
				8A5881EB282D2437005747C4 /* EmotionViewModel.swift in Sources */,
				8A5881E5282D241A005747C4 /* MainViewModel.swift in Sources */,
				8A5881E3282D23B4005747C4 /* EmotionViewController.swift in Sources */,
				8A5881F0282D26E6005747C4 /* NaturalLanguageProcessing.swift in Sources */,
				8A8C8B93282D1ED70015BA4D /* AppDelegate.swift in Sources */,
				8A8C8B95282D1ED80015BA4D /* SceneDelegate.swift in Sources */,
				8A5881DD282D2394005747C4 /* MainViewController.swift in Sources */,
				8A5881E9282D242E005747C4 /* MovieViewModel.swift in Sources */,
				8A5881DF282D23A1005747C4 /* DailyViewController.swift in Sources */,
				8A5881F4282D27C7005747C4 /* Journal.swift in Sources */,
				8A5881F8282D27F1005747C4 /* Emotion.swift in Sources */,
				8A5881E7282D2425005747C4 /* DailyViewModel.swift in Sources */,
				8A5881F2282D26FC005747C4 /* NetworkService.swift in Sources */,
				8A5881E1282D23AC005747C4 /* MovieViewController.swift in Sources */,
				8AF5E267284B46E2005DFCE5 /* DiaryTableViewCell.swift in Sources */,
			);
			runOnlyForDeploymentPostprocessing = 0;
		};
/* End PBXSourcesBuildPhase section */

/* Begin PBXVariantGroup section */
		8A8C8B9D282D1ED80015BA4D /* LaunchScreen.storyboard */ = {
			isa = PBXVariantGroup;
			children = (
				8A8C8B9E282D1ED80015BA4D /* Base */,
			);
			name = LaunchScreen.storyboard;
			sourceTree = "<group>";
		};
/* End PBXVariantGroup section */

/* Begin XCBuildConfiguration section */
		8A8C8BA1282D1ED80015BA4D /* Debug */ = {
			isa = XCBuildConfiguration;
			buildSettings = {
				ALWAYS_SEARCH_USER_PATHS = NO;
				CLANG_ANALYZER_NONNULL = YES;
				CLANG_ANALYZER_NUMBER_OBJECT_CONVERSION = YES_AGGRESSIVE;
				CLANG_CXX_LANGUAGE_STANDARD = "gnu++17";
				CLANG_ENABLE_MODULES = YES;
				CLANG_ENABLE_OBJC_ARC = YES;
				CLANG_ENABLE_OBJC_WEAK = YES;
				CLANG_WARN_BLOCK_CAPTURE_AUTORELEASING = YES;
				CLANG_WARN_BOOL_CONVERSION = YES;
				CLANG_WARN_COMMA = YES;
				CLANG_WARN_CONSTANT_CONVERSION = YES;
				CLANG_WARN_DEPRECATED_OBJC_IMPLEMENTATIONS = YES;
				CLANG_WARN_DIRECT_OBJC_ISA_USAGE = YES_ERROR;
				CLANG_WARN_DOCUMENTATION_COMMENTS = YES;
				CLANG_WARN_EMPTY_BODY = YES;
				CLANG_WARN_ENUM_CONVERSION = YES;
				CLANG_WARN_INFINITE_RECURSION = YES;
				CLANG_WARN_INT_CONVERSION = YES;
				CLANG_WARN_NON_LITERAL_NULL_CONVERSION = YES;
				CLANG_WARN_OBJC_IMPLICIT_RETAIN_SELF = YES;
				CLANG_WARN_OBJC_LITERAL_CONVERSION = YES;
				CLANG_WARN_OBJC_ROOT_CLASS = YES_ERROR;
				CLANG_WARN_QUOTED_INCLUDE_IN_FRAMEWORK_HEADER = YES;
				CLANG_WARN_RANGE_LOOP_ANALYSIS = YES;
				CLANG_WARN_STRICT_PROTOTYPES = YES;
				CLANG_WARN_SUSPICIOUS_MOVE = YES;
				CLANG_WARN_UNGUARDED_AVAILABILITY = YES_AGGRESSIVE;
				CLANG_WARN_UNREACHABLE_CODE = YES;
				CLANG_WARN__DUPLICATE_METHOD_MATCH = YES;
				COPY_PHASE_STRIP = NO;
				DEBUG_INFORMATION_FORMAT = dwarf;
				ENABLE_STRICT_OBJC_MSGSEND = YES;
				ENABLE_TESTABILITY = YES;
				GCC_C_LANGUAGE_STANDARD = gnu11;
				GCC_DYNAMIC_NO_PIC = NO;
				GCC_NO_COMMON_BLOCKS = YES;
				GCC_OPTIMIZATION_LEVEL = 0;
				GCC_PREPROCESSOR_DEFINITIONS = (
					"DEBUG=1",
					"$(inherited)",
				);
				GCC_WARN_64_TO_32_BIT_CONVERSION = YES;
				GCC_WARN_ABOUT_RETURN_TYPE = YES_ERROR;
				GCC_WARN_UNDECLARED_SELECTOR = YES;
				GCC_WARN_UNINITIALIZED_AUTOS = YES_AGGRESSIVE;
				GCC_WARN_UNUSED_FUNCTION = YES;
				GCC_WARN_UNUSED_VARIABLE = YES;
				IPHONEOS_DEPLOYMENT_TARGET = 15.4;
				MTL_ENABLE_DEBUG_INFO = INCLUDE_SOURCE;
				MTL_FAST_MATH = YES;
				ONLY_ACTIVE_ARCH = YES;
				SDKROOT = iphoneos;
				SWIFT_ACTIVE_COMPILATION_CONDITIONS = DEBUG;
				SWIFT_OPTIMIZATION_LEVEL = "-Onone";
			};
			name = Debug;
		};
		8A8C8BA2282D1ED80015BA4D /* Release */ = {
			isa = XCBuildConfiguration;
			buildSettings = {
				ALWAYS_SEARCH_USER_PATHS = NO;
				CLANG_ANALYZER_NONNULL = YES;
				CLANG_ANALYZER_NUMBER_OBJECT_CONVERSION = YES_AGGRESSIVE;
				CLANG_CXX_LANGUAGE_STANDARD = "gnu++17";
				CLANG_ENABLE_MODULES = YES;
				CLANG_ENABLE_OBJC_ARC = YES;
				CLANG_ENABLE_OBJC_WEAK = YES;
				CLANG_WARN_BLOCK_CAPTURE_AUTORELEASING = YES;
				CLANG_WARN_BOOL_CONVERSION = YES;
				CLANG_WARN_COMMA = YES;
				CLANG_WARN_CONSTANT_CONVERSION = YES;
				CLANG_WARN_DEPRECATED_OBJC_IMPLEMENTATIONS = YES;
				CLANG_WARN_DIRECT_OBJC_ISA_USAGE = YES_ERROR;
				CLANG_WARN_DOCUMENTATION_COMMENTS = YES;
				CLANG_WARN_EMPTY_BODY = YES;
				CLANG_WARN_ENUM_CONVERSION = YES;
				CLANG_WARN_INFINITE_RECURSION = YES;
				CLANG_WARN_INT_CONVERSION = YES;
				CLANG_WARN_NON_LITERAL_NULL_CONVERSION = YES;
				CLANG_WARN_OBJC_IMPLICIT_RETAIN_SELF = YES;
				CLANG_WARN_OBJC_LITERAL_CONVERSION = YES;
				CLANG_WARN_OBJC_ROOT_CLASS = YES_ERROR;
				CLANG_WARN_QUOTED_INCLUDE_IN_FRAMEWORK_HEADER = YES;
				CLANG_WARN_RANGE_LOOP_ANALYSIS = YES;
				CLANG_WARN_STRICT_PROTOTYPES = YES;
				CLANG_WARN_SUSPICIOUS_MOVE = YES;
				CLANG_WARN_UNGUARDED_AVAILABILITY = YES_AGGRESSIVE;
				CLANG_WARN_UNREACHABLE_CODE = YES;
				CLANG_WARN__DUPLICATE_METHOD_MATCH = YES;
				COPY_PHASE_STRIP = NO;
				DEBUG_INFORMATION_FORMAT = "dwarf-with-dsym";
				ENABLE_NS_ASSERTIONS = NO;
				ENABLE_STRICT_OBJC_MSGSEND = YES;
				GCC_C_LANGUAGE_STANDARD = gnu11;
				GCC_NO_COMMON_BLOCKS = YES;
				GCC_WARN_64_TO_32_BIT_CONVERSION = YES;
				GCC_WARN_ABOUT_RETURN_TYPE = YES_ERROR;
				GCC_WARN_UNDECLARED_SELECTOR = YES;
				GCC_WARN_UNINITIALIZED_AUTOS = YES_AGGRESSIVE;
				GCC_WARN_UNUSED_FUNCTION = YES;
				GCC_WARN_UNUSED_VARIABLE = YES;
				IPHONEOS_DEPLOYMENT_TARGET = 15.4;
				MTL_ENABLE_DEBUG_INFO = NO;
				MTL_FAST_MATH = YES;
				SDKROOT = iphoneos;
				SWIFT_COMPILATION_MODE = wholemodule;
				SWIFT_OPTIMIZATION_LEVEL = "-O";
				VALIDATE_PRODUCT = YES;
			};
			name = Release;
		};
		8A8C8BA4282D1ED80015BA4D /* Debug */ = {
			isa = XCBuildConfiguration;
			buildSettings = {
				ASSETCATALOG_COMPILER_APPICON_NAME = AppIcon;
				ASSETCATALOG_COMPILER_GLOBAL_ACCENT_COLOR_NAME = AccentColor;
				CODE_SIGN_STYLE = Automatic;
				CURRENT_PROJECT_VERSION = 1;
				GENERATE_INFOPLIST_FILE = YES;
				INFOPLIST_FILE = Moviemotion/Info.plist;
				INFOPLIST_KEY_UIApplicationSupportsIndirectInputEvents = YES;
				INFOPLIST_KEY_UILaunchStoryboardName = LaunchScreen;
				INFOPLIST_KEY_UISupportedInterfaceOrientations_iPad = "UIInterfaceOrientationPortrait UIInterfaceOrientationPortraitUpsideDown UIInterfaceOrientationLandscapeLeft UIInterfaceOrientationLandscapeRight";
				INFOPLIST_KEY_UISupportedInterfaceOrientations_iPhone = "UIInterfaceOrientationPortrait UIInterfaceOrientationLandscapeLeft UIInterfaceOrientationLandscapeRight";
				LD_RUNPATH_SEARCH_PATHS = (
					"$(inherited)",
					"@executable_path/Frameworks",
				);
				MARKETING_VERSION = 1.0;
				PRODUCT_BUNDLE_IDENTIFIER = com.inu.Moviemotion;
				PRODUCT_NAME = "$(TARGET_NAME)";
				SWIFT_EMIT_LOC_STRINGS = YES;
				SWIFT_VERSION = 5.0;
				TARGETED_DEVICE_FAMILY = "1,2";
			};
			name = Debug;
		};
		8A8C8BA5282D1ED80015BA4D /* Release */ = {
			isa = XCBuildConfiguration;
			buildSettings = {
				ASSETCATALOG_COMPILER_APPICON_NAME = AppIcon;
				ASSETCATALOG_COMPILER_GLOBAL_ACCENT_COLOR_NAME = AccentColor;
				CODE_SIGN_STYLE = Automatic;
				CURRENT_PROJECT_VERSION = 1;
				GENERATE_INFOPLIST_FILE = YES;
				INFOPLIST_FILE = Moviemotion/Info.plist;
				INFOPLIST_KEY_UIApplicationSupportsIndirectInputEvents = YES;
				INFOPLIST_KEY_UILaunchStoryboardName = LaunchScreen;
				INFOPLIST_KEY_UISupportedInterfaceOrientations_iPad = "UIInterfaceOrientationPortrait UIInterfaceOrientationPortraitUpsideDown UIInterfaceOrientationLandscapeLeft UIInterfaceOrientationLandscapeRight";
				INFOPLIST_KEY_UISupportedInterfaceOrientations_iPhone = "UIInterfaceOrientationPortrait UIInterfaceOrientationLandscapeLeft UIInterfaceOrientationLandscapeRight";
				LD_RUNPATH_SEARCH_PATHS = (
					"$(inherited)",
					"@executable_path/Frameworks",
				);
				MARKETING_VERSION = 1.0;
				PRODUCT_BUNDLE_IDENTIFIER = com.inu.Moviemotion;
				PRODUCT_NAME = "$(TARGET_NAME)";
				SWIFT_EMIT_LOC_STRINGS = YES;
				SWIFT_VERSION = 5.0;
				TARGETED_DEVICE_FAMILY = "1,2";
			};
			name = Release;
		};
/* End XCBuildConfiguration section */

/* Begin XCConfigurationList section */
		8A8C8B8A282D1ED70015BA4D /* Build configuration list for PBXProject "Moviemotion" */ = {
			isa = XCConfigurationList;
			buildConfigurations = (
				8A8C8BA1282D1ED80015BA4D /* Debug */,
				8A8C8BA2282D1ED80015BA4D /* Release */,
			);
			defaultConfigurationIsVisible = 0;
			defaultConfigurationName = Release;
		};
		8A8C8BA3282D1ED80015BA4D /* Build configuration list for PBXNativeTarget "Moviemotion" */ = {
			isa = XCConfigurationList;
			buildConfigurations = (
				8A8C8BA4282D1ED80015BA4D /* Debug */,
				8A8C8BA5282D1ED80015BA4D /* Release */,
			);
			defaultConfigurationIsVisible = 0;
			defaultConfigurationName = Release;
		};
/* End XCConfigurationList section */

/* Begin XCRemoteSwiftPackageReference section */
		8AF5E268284B4F19005DFCE5 /* XCRemoteSwiftPackageReference "RxSwift" */ = {
			isa = XCRemoteSwiftPackageReference;
			repositoryURL = "https://github.com/ReactiveX/RxSwift";
			requirement = {
				branch = main;
				kind = branch;
			};
		};
/* End XCRemoteSwiftPackageReference section */

/* Begin XCSwiftPackageProductDependency section */
		8AF5E269284B4F19005DFCE5 /* RxCocoa */ = {
			isa = XCSwiftPackageProductDependency;
			package = 8AF5E268284B4F19005DFCE5 /* XCRemoteSwiftPackageReference "RxSwift" */;
			productName = RxCocoa;
		};
		8AF5E26B284B4F19005DFCE5 /* RxRelay */ = {
			isa = XCSwiftPackageProductDependency;
			package = 8AF5E268284B4F19005DFCE5 /* XCRemoteSwiftPackageReference "RxSwift" */;
			productName = RxRelay;
		};
		8AF5E26D284B4F19005DFCE5 /* RxSwift */ = {
			isa = XCSwiftPackageProductDependency;
			package = 8AF5E268284B4F19005DFCE5 /* XCRemoteSwiftPackageReference "RxSwift" */;
			productName = RxSwift;
		};
/* End XCSwiftPackageProductDependency section */
	};
	rootObject = 8A8C8B87282D1ED70015BA4D /* Project object */;
}
